# This file is automatically @generated by Cargo.
# It is not intended for manual editing.
version = 4

[[package]]
name = "rde-brightness"
version = "0.1.0"

[[package]]
name = "rde-cli"
version = "0.1.0"

[[package]]
name = "rde-config"
version = "0.1.0"

[[package]]
name = "rde-core"
version = "0.1.0"

[[package]]
name = "rde-daemon"
version = "0.1.0"

[[package]]
name = "rde-ipc"
version = "0.1.0"

[[package]]
name = "rde-notification"
version = "0.1.0"

[[package]]
name = "rde-theme"
version = "0.1.0"

[[package]]
name = "rde-volume"
version = "0.1.0"
